{
  "name": "curio-api",
  "version": "0.0.0",
  "dependencies": {
    "gnode": {
      "version": "0.0.7",
      "from": "gnode@0.0.7",
      "resolved": "https://registry.npmjs.org/gnode/-/gnode-0.0.7.tgz",
      "dependencies": {
        "regenerator": {
          "version": "0.4.1",
          "from": "regenerator@0",
          "resolved": "https://registry.npmjs.org/regenerator/-/regenerator-0.4.1.tgz",
          "dependencies": {
            "commander": {
              "version": "2.1.0",
              "from": "commander@~2.1.0"
            },
            "esprima": {
              "version": "1.1.0-dev-harmony",
              "from": "esprima@git://github.com/ariya/esprima.git#harmony",
              "resolved": "git://github.com/ariya/esprima.git#f5a68a6e951bf008da504b6fbfb84d856313846c"
            },
            "ast-types": {
              "version": "0.3.16",
              "from": "ast-types@~0.3.15",
              "dependencies": {
                "ast-path": {
                  "version": "0.1.4",
                  "from": "ast-path@~0.1.4",
                  "dependencies": {
                    "private": {
                      "version": "0.0.5",
                      "from": "private@0.0.5",
                      "resolved": "http://r.cnpmjs.org/private/download/private-0.0.5.tgz"
                    },
                    "mocha": {
                      "version": "1.13.0",
                      "from": "mocha@1.13.0",
                      "resolved": "http://r.cnpmjs.org/mocha/download/mocha-1.13.0.tgz",
                      "dependencies": {
                        "commander": {
                          "version": "0.6.1",
                          "from": "commander@0.6.1",
                          "resolved": "http://r.cnpmjs.org/commander/download/commander-0.6.1.tgz"
                        },
                        "growl": {
                          "version": "1.7.0",
                          "from": "growl@1.7.x"
                        },
                        "jade": {
                          "version": "0.26.3",
                          "from": "jade@0.26.3",
                          "resolved": "http://r.cnpmjs.org/jade/download/jade-0.26.3.tgz",
                          "dependencies": {
                            "mkdirp": {
                              "version": "0.3.0",
                              "from": "mkdirp@0.3.0",
                              "resolved": "http://r.cnpmjs.org/mkdirp/download/mkdirp-0.3.0.tgz"
                            }
                          }
                        },
                        "diff": {
                          "version": "1.0.7",
                          "from": "diff@1.0.7",
                          "resolved": "http://r.cnpmjs.org/diff/download/diff-1.0.7.tgz"
                        },
                        "debug": {
                          "version": "0.7.4",
                          "from": "debug@*",
                          "resolved": "http://r.cnpmjs.org/debug/download/debug-0.7.4.tgz"
                        },
                        "mkdirp": {
                          "version": "0.3.5",
                          "from": "mkdirp@0.3.5",
                          "resolved": "http://r.cnpmjs.org/mkdirp/download/mkdirp-0.3.5.tgz"
                        },
                        "glob": {
                          "version": "3.2.3",
                          "from": "glob@3.2.3",
                          "resolved": "http://r.cnpmjs.org/glob/download/glob-3.2.3.tgz",
                          "dependencies": {
                            "minimatch": {
                              "version": "0.2.14",
                              "from": "minimatch@~0.2.11",
                              "dependencies": {
                                "lru-cache": {
                                  "version": "2.5.0",
                                  "from": "lru-cache@2"
                                },
                                "sigmund": {
                                  "version": "1.0.0",
                                  "from": "sigmund@~1.0.0"
                                }
                              }
                            },
                            "graceful-fs": {
                              "version": "2.0.2",
                              "from": "graceful-fs@~2.0.0"
                            },
                            "inherits": {
                              "version": "2.0.1",
                              "from": "inherits@2"
                            }
                          }
                        }
                      }
                    }
                  }
                }
              }
            },
            "recast": {
              "version": "0.5.7",
              "from": "recast@~0.5.7",
              "dependencies": {
                "esprima": {
                  "version": "1.0.4",
                  "from": "esprima@1.0.4",
                  "resolved": "https://registry.npmjs.org/esprima/-/esprima-1.0.4.tgz"
                },
                "source-map": {
                  "version": "0.1.31",
                  "from": "source-map@0.1.31",
                  "resolved": "http://r.cnpmjs.org/source-map/download/source-map-0.1.31.tgz",
                  "dependencies": {
                    "amdefine": {
                      "version": "0.1.0",
                      "from": "amdefine@>=0.0.4"
                    }
                  }
                },
                "cls": {
                  "version": "0.1.3",
                  "from": "cls@>= 0.1.3",
                  "dependencies": {
                    "whiskey": {
                      "version": "0.6.13",
                      "from": "whiskey@0.6.13",
                      "resolved": "http://r.cnpmjs.org/whiskey/download/whiskey-0.6.13.tgz",
                      "dependencies": {
                        "sprintf": {
                          "version": "0.1.3",
                          "from": "sprintf@>= 0.1.1"
                        },
                        "async": {
                          "version": "0.2.10",
                          "from": "async@>= 0.1.18"
                        },
                        "magic-templates": {
                          "version": "0.1.1",
                          "from": "magic-templates@= 0.1.1",
                          "resolved": "http://r.cnpmjs.org/magic-templates/download/magic-templates-0.1.1.tgz"
                        },
                        "rimraf": {
                          "version": "1.0.1",
                          "from": "rimraf@= 1.0.1",
                          "resolved": "http://r.cnpmjs.org/rimraf/download/rimraf-1.0.1.tgz"
                        },
                        "terminal": {
                          "version": "0.1.3",
                          "from": "terminal@= 0.1.3",
                          "resolved": "http://r.cnpmjs.org/terminal/download/terminal-0.1.3.tgz"
                        },
                        "gex": {
                          "version": "0.0.1",
                          "from": "gex@= 0.0.1",
                          "resolved": "http://r.cnpmjs.org/gex/download/gex-0.0.1.tgz"
                        },
                        "simplesets": {
                          "version": "1.1.6",
                          "from": "simplesets@= 1.1.6",
                          "resolved": "http://r.cnpmjs.org/simplesets/download/simplesets-1.1.6.tgz"
                        },
                        "logmagic": {
                          "version": "0.1.4",
                          "from": "logmagic@= 0.1.4",
                          "resolved": "http://r.cnpmjs.org/logmagic/download/logmagic-0.1.4.tgz"
                        },
                        "underscore": {
                          "version": "1.6.0",
                          "from": "underscore@>= 1.4.2"
                        }
                      }
                    }
                  }
                },
                "mocha": {
                  "version": "1.15.1",
                  "from": "mocha@1.15.1",
                  "resolved": "http://r.cnpmjs.org/mocha/download/mocha-1.15.1.tgz",
                  "dependencies": {
                    "commander": {
                      "version": "2.0.0",
                      "from": "commander@2.0.0",
                      "resolved": "http://r.cnpmjs.org/commander/download/commander-2.0.0.tgz"
                    },
                    "growl": {
                      "version": "1.7.0",
                      "from": "growl@1.7.x"
                    },
                    "jade": {
                      "version": "0.26.3",
                      "from": "jade@0.26.3",
                      "resolved": "http://r.cnpmjs.org/jade/download/jade-0.26.3.tgz",
                      "dependencies": {
                        "commander": {
                          "version": "0.6.1",
                          "from": "commander@0.6.1",
                          "resolved": "http://r.cnpmjs.org/commander/download/commander-0.6.1.tgz"
                        },
                        "mkdirp": {
                          "version": "0.3.0",
                          "from": "mkdirp@0.3.0",
                          "resolved": "http://r.cnpmjs.org/mkdirp/download/mkdirp-0.3.0.tgz"
                        }
                      }
                    },
                    "diff": {
                      "version": "1.0.7",
                      "from": "diff@1.0.7",
                      "resolved": "http://r.cnpmjs.org/diff/download/diff-1.0.7.tgz"
                    },
                    "debug": {
                      "version": "0.7.4",
                      "from": "debug@*",
                      "resolved": "http://r.cnpmjs.org/debug/download/debug-0.7.4.tgz"
                    },
                    "mkdirp": {
                      "version": "0.3.5",
                      "from": "mkdirp@0.3.5",
                      "resolved": "http://r.cnpmjs.org/mkdirp/download/mkdirp-0.3.5.tgz"
                    },
                    "glob": {
                      "version": "3.2.3",
                      "from": "glob@3.2.3",
                      "resolved": "http://r.cnpmjs.org/glob/download/glob-3.2.3.tgz",
                      "dependencies": {
                        "minimatch": {
                          "version": "0.2.14",
                          "from": "minimatch@~0.2.11",
                          "dependencies": {
                            "lru-cache": {
                              "version": "2.5.0",
                              "from": "lru-cache@2"
                            },
                            "sigmund": {
                              "version": "1.0.0",
                              "from": "sigmund@~1.0.0"
                            }
                          }
                        },
                        "graceful-fs": {
                          "version": "2.0.2",
                          "from": "graceful-fs@~2.0.0"
                        },
                        "inherits": {
                          "version": "2.0.1",
                          "from": "inherits@2"
                        }
                      }
                    }
                  }
                }
              }
            },
            "private": {
              "version": "0.1.0",
              "from": "private@~0.1.0"
            },
            "defs": {
              "version": "0.6.2",
              "from": "defs@~0.6.2",
              "dependencies": {
                "alter": {
                  "version": "0.2.0",
                  "from": "alter@~0.2.0",
                  "dependencies": {
                    "stable": {
                      "version": "0.1.4",
                      "from": "stable@~0.1.3"
                    }
                  }
                },
                "breakable": {
                  "version": "0.1.0",
                  "from": "breakable@~0.1.0"
                },
                "ast-traverse": {
                  "version": "0.1.1",
                  "from": "ast-traverse@~0.1.1"
                },
                "simple-fmt": {
                  "version": "0.1.0",
                  "from": "simple-fmt@~0.1.0"
                },
                "simple-is": {
                  "version": "0.2.0",
                  "from": "simple-is@~0.2.0"
                },
                "stringmap": {
                  "version": "0.2.2",
                  "from": "stringmap@~0.2.2"
                },
                "stringset": {
                  "version": "0.2.1",
                  "from": "stringset@~0.2.1"
                },
                "tryor": {
                  "version": "0.1.2",
                  "from": "tryor@~0.1.2"
                },
                "esprima": {
                  "version": "1.0.4",
                  "from": "esprima@~1.0.0"
                }
              }
            }
          }
        }
      }
    },
    "koa": {
      "version": "0.4.0",
      "from": "koa@~0.4.0",
      "resolved": "https://registry.npmjs.org/koa/-/koa-0.4.0.tgz",
      "dependencies": {
        "accepts": {
          "version": "1.0.1",
          "from": "accepts@~1.0.0",
          "dependencies": {
            "negotiator": {
              "version": "0.4.1",
              "from": "negotiator@~0.4.0"
            }
          }
        },
        "type-is": {
          "version": "1.0.0",
          "from": "type-is@~1.0.0"
        },
        "finished": {
          "version": "1.1.1",
          "from": "finished@~1.1.1"
        },
        "mime": {
          "version": "1.2.11",
          "from": "mime@~1.2.11"
        },
        "fresh": {
          "version": "0.2.1",
          "from": "fresh@~0.2.1"
        },
        "koa-compose": {
          "version": "2.2.0",
          "from": "koa-compose@~2.2.0",
          "resolved": "https://registry.npmjs.org/koa-compose/-/koa-compose-2.2.0.tgz"
        },
        "cookies": {
          "version": "0.4.0",
          "from": "cookies@~0.4.0",
          "resolved": "https://registry.npmjs.org/cookies/-/cookies-0.4.0.tgz",
          "dependencies": {
            "keygrip": {
              "version": "1.0.0",
              "from": "keygrip@~1.0.0"
            }
          }
        },
        "delegates": {
          "version": "0.0.3",
          "from": "delegates@0.0.3",
          "resolved": "https://registry.npmjs.org/delegates/-/delegates-0.0.3.tgz"
        }
      }
    },
    "koa-trie-router": {
      "version": "1.0.5",
      "from": "git://github.com/koajs/trie-router",
      "resolved": "git://github.com/koajs/trie-router#5289863948a3a242a79c46cecadd867a171b5fc8",
      "dependencies": {
        "routington": {
          "version": "0.1.2",
          "from": "routington@~0.1.1",
          "resolved": "https://registry.npmjs.org/routington/-/routington-0.1.2.tgz"
        },
        "koa-compose": {
          "version": "2.2.0",
          "from": "koa-compose@~2.2.0",
          "resolved": "https://registry.npmjs.org/koa-compose/-/koa-compose-2.2.0.tgz"
        }
      }
    },
    "koa-logger": {
      "version": "1.2.0",
      "from": "git://github.com/koajs/logger",
      "resolved": "git://github.com/koajs/logger#4ded8d26f47466267f620b50e5b9e986f8c67c6d",
      "dependencies": {
        "passthrough-counter": {
          "version": "0.0.1",
          "from": "passthrough-counter@~0.0.1"
        },
        "humanize-number": {
          "version": "0.0.2",
          "from": "humanize-number@~0.0.1"
        },
        "bytes": {
          "version": "0.2.1",
          "from": "bytes@~0.2.1"
        }
      }
    },
    "koa-etag": {
      "version": "1.2.2",
      "from": "git://github.com/koajs/etag",
      "resolved": "git://github.com/koajs/etag#f37d705a3b236b230e50bd66da232a6b71f23854",
      "dependencies": {
        "buffer-crc32": {
          "version": "0.2.1",
          "from": "buffer-crc32@0.2.1"
        }
      }
    },
    "koa-cors": {
      "version": "0.0.5",
      "from": "http://r.cnpmjs.org/koa-cors/download/koa-cors-0.0.5.tgz",
      "resolved": "http://r.cnpmjs.org/koa-cors/download/koa-cors-0.0.5.tgz"
    },
    "koa-csrf": {
      "version": "1.0.1",
      "from": "git://github.com/koajs/csrf",
      "resolved": "git://github.com/koajs/csrf#0667e9205df90a192e58b3106665f824dac162b2"
    },
    "koa-sess": {
      "version": "0.0.8",
      "from": "git://github.com/dead-horse/koa-session",
      "resolved": "git://github.com/dead-horse/koa-session#d33c02eb63870b2b467ba72c69bac210bfb6fad0",
      "dependencies": {
        "buffer-crc32": {
          "version": "0.2.1",
          "from": "buffer-crc32@0.2.1",
          "resolved": "https://registry.npmjs.org/buffer-crc32/-/buffer-crc32-0.2.1.tgz"
        },
        "uid2": {
          "version": "0.0.3",
          "from": "uid2@0.0.3",
          "resolved": "https://registry.npmjs.org/uid2/-/uid2-0.0.3.tgz"
        }
      }
    },
    "koa-redis": {
      "version": "0.0.4",
      "from": "http://r.cnpmjs.org/koa-redis/download/koa-redis-0.0.4.tgz",
      "resolved": "http://r.cnpmjs.org/koa-redis/download/koa-redis-0.0.4.tgz",
      "dependencies": {
        "co-redis": {
          "version": "0.0.2",
          "from": "co-redis@0.0.2",
          "resolved": "http://r.cnpmjs.org/co-redis/download/co-redis-0.0.2.tgz"
        },
        "redis": {
          "version": "0.10.0",
          "from": "redis@0.10.0",
          "resolved": "http://r.cnpmjs.org/redis/download/redis-0.10.0.tgz"
        }
      }
    },
    "koa-mount": {
      "version": "1.2.3",
      "from": "git://github.com/koajs/mount",
      "resolved": "git://github.com/koajs/mount#7eb97c5f7659905cdc28affa5d08942fbd5e9daf",
      "dependencies": {
        "koa-compose": {
          "version": "2.1.0",
          "from": "koa-compose@2.1.0",
          "resolved": "http://r.cnpmjs.org/koa-compose/download/koa-compose-2.1.0.tgz",
          "dependencies": {
            "debug": {
              "version": "0.7.4",
              "from": "debug@*",
              "resolved": "http://r.cnpmjs.org/debug/download/debug-0.7.4.tgz"
            }
          }
        }
      }
    },
    "koa-wechat": {
      "version": "0.1.0",
      "dependencies": {
        "wechat-mp": {
          "version": "0.1.4",
          "dependencies": {
            "node-xml-lite": {
              "version": "0.0.3",
              "from": "node-xml-lite@~0.0.3",
              "resolved": "http://r.cnpmjs.org/node-xml-lite/download/node-xml-lite-0.0.3.tgz",
              "dependencies": {
                "iconv-lite": {
                  "version": "0.2.11",
                  "from": "iconv-lite@>=0.2.0"
                }
              }
            },
            "lodash-template": {
              "version": "1.0.0",
              "from": "lodash-template@~1.0",
              "resolved": "http://registry.npmjs.org/lodash-template/-/lodash-template-1.0.0.tgz"
            },
            "should": {
              "version": "1.2.2",
              "from": "should@*"
            },
            "mocha": {
              "version": "1.9.0",
              "from": "mocha@*",
              "dependencies": {
                "commander": {
                  "version": "0.6.1",
                  "from": "commander@0.6.1",
                  "resolved": "http://registry.npmjs.org/commander/-/commander-0.6.1.tgz"
                },
                "growl": {
                  "version": "1.7.0",
                  "from": "growl@1.7.x"
                },
                "jade": {
                  "version": "0.26.3",
                  "from": "jade@0.26.3",
                  "dependencies": {
                    "mkdirp": {
                      "version": "0.3.0",
                      "from": "mkdirp@0.3.0"
                    }
                  }
                },
                "diff": {
                  "version": "1.0.2",
                  "from": "diff@1.0.2"
                },
                "debug": {
                  "version": "0.7.2",
                  "from": "debug@*"
                },
                "mkdirp": {
                  "version": "0.3.3",
                  "from": "mkdirp@0.3.3"
                },
                "ms": {
                  "version": "0.3.0",
                  "from": "ms@0.3.0"
                }
              }
            }
          }
        }
      }
    },
    "redis": {
      "version": "0.10.1",
      "from": "redis@latest",
      "resolved": "http://r.cnpmjs.org/redis/download/redis-0.10.1.tgz"
    },
    "cacheable": {
      "version": "0.1.0",
      "dependencies": {
        "debug": {
          "version": "0.7.4",
          "from": "debug@0.7.x"
        }
      }
    },
    "thunkify": {
      "version": "0.0.1",
      "from": "thunkify@latest"
    },
    "bcryptjs": {
      "version": "0.7.10",
      "from": "bcryptjs@~0.7.10",
      "resolved": "https://registry.npmjs.org/bcryptjs/-/bcryptjs-0.7.10.tgz"
    },
    "debug": {
      "version": "0.7.4",
      "from": "debug@~0.7.4"
    },
    "koa-passport": {
      "version": "0.1.0",
      "from": "git://github.com/rkusa/koa-passport",
      "resolved": "git://github.com/rkusa/koa-passport#fe62f204719632ba5bf8c9833654a6d527372117",
      "dependencies": {
        "passport": {
          "version": "0.1.18",
          "from": "passport@0.1.18",
          "resolved": "https://registry.npmjs.org/passport/-/passport-0.1.18.tgz",
          "dependencies": {
            "pkginfo": {
              "version": "0.2.3",
              "from": "pkginfo@0.2.3",
              "resolved": "http://r.cnpmjs.org/pkginfo/download/pkginfo-0.2.3.tgz"
            },
            "pause": {
              "version": "0.0.1",
              "from": "pause@0.0.1",
              "resolved": "https://registry.npmjs.org/pause/-/pause-0.0.1.tgz"
            }
          }
        }
      }
    },
    "jugglingdb": {
      "version": "0.2.12",
      "from": "git://github.com/1602/jugglingdb",
      "resolved": "git://github.com/1602/jugglingdb#2a345d23a758bde3b0565434fe0febb5b7eac89a",
      "dependencies": {
        "inflection": {
          "version": "1.2.7",
          "from": "inflection@1.2.7"
        }
      }
    },
    "jugglingdb-postgres": {
      "version": "0.0.4",
      "from": "jugglingdb-postgres@0.0.4",
      "resolved": "http://r.cnpmjs.org/jugglingdb-postgres/download/jugglingdb-postgres-0.0.4.tgz",
      "dependencies": {
        "jugglingdb": {
          "version": "0.2.12",
          "from": "jugglingdb@0.2.12",
          "resolved": "https://registry.npmjs.org/jugglingdb/-/jugglingdb-0.2.12.tgz",
          "dependencies": {
            "inflection": {
              "version": "1.2.7",
              "from": "inflection@1.2.7"
            }
          }
        }
      }
    },
    "pg": {
      "version": "2.11.1",
      "from": "pg@latest",
      "dependencies": {
        "generic-pool": {
          "version": "2.0.3",
          "from": "generic-pool@2.0.3",
          "resolved": "http://r.cnpmjs.org/generic-pool/download/generic-pool-2.0.3.tgz"
        },
        "buffer-writer": {
          "version": "1.0.0",
          "from": "buffer-writer@1.0.0",
          "resolved": "https://registry.npmjs.org/buffer-writer/-/buffer-writer-1.0.0.tgz"
        },
        "pgpass": {
          "version": "0.0.1",
          "from": "pgpass@0.0.1",
          "resolved": "https://registry.npmjs.org/pgpass/-/pgpass-0.0.1.tgz",
          "dependencies": {
            "split": {
              "version": "0.2.10",
              "from": "split@0.2.10",
              "resolved": "http://r.cnpmjs.org/split/download/split-0.2.10.tgz",
              "dependencies": {
                "through": {
                  "version": "2.3.4",
                  "from": "through@2"
                }
              }
            }
          }
        },
        "nan": {
          "version": "0.6.0",
          "from": "nan@0.6.0",
          "resolved": "http://r.cnpmjs.org/nan/download/nan-0.6.0.tgz"
        }
      }
    },
    "level": {
      "version": "0.18.0",
      "from": "level@latest",
      "resolved": "https://registry.npmjs.org/level/-/level-0.18.0.tgz",
      "dependencies": {
        "leveldown": {
          "version": "0.10.2",
          "from": "leveldown@~0.10.0",
          "resolved": "https://registry.npmjs.org/leveldown/-/leveldown-0.10.2.tgz",
          "dependencies": {
            "bindings": {
              "version": "1.1.1",
              "from": "bindings@~1.1.1"
            },
            "nan": {
              "version": "0.6.0",
              "from": "nan@0.6.0",
              "resolved": "http://r.cnpmjs.org/nan/download/nan-0.6.0.tgz"
            }
          }
        },
        "level-packager": {
          "version": "0.18.0",
          "from": "level-packager@~0.18.0",
          "resolved": "https://registry.npmjs.org/level-packager/-/level-packager-0.18.0.tgz",
          "dependencies": {
            "levelup": {
              "version": "0.18.2",
              "from": "levelup@~0.18.0",
              "resolved": "https://registry.npmjs.org/levelup/-/levelup-0.18.2.tgz",
              "dependencies": {
                "errno": {
                  "version": "0.1.0",
                  "from": "errno@~0.1.0",
                  "resolved": "https://registry.npmjs.org/errno/-/errno-0.1.0.tgz"
                },
                "concat-stream": {
                  "version": "0.1.1",
                  "from": "concat-stream@0.1.1",
                  "resolved": "http://r.cnpmjs.org/concat-stream/download/concat-stream-0.1.1.tgz"
                },
                "readable-stream": {
                  "version": "1.0.25",
                  "from": "readable-stream@1.0.25",
                  "resolved": "http://r.cnpmjs.org/readable-stream/download/readable-stream-1.0.25.tgz",
                  "dependencies": {
                    "string_decoder": {
                      "version": "0.10.25-1",
                      "from": "string_decoder@~0.10.x"
                    }
                  }
                },
                "xtend": {
                  "version": "2.1.2",
                  "from": "xtend@~2.1.1",
                  "dependencies": {
                    "object-keys": {
                      "version": "0.4.0",
                      "from": "object-keys@0.4.0",
                      "resolved": "http://r.cnpmjs.org/object-keys/download/object-keys-0.4.0.tgz"
                    }
                  }
                },
                "prr": {
                  "version": "0.0.0",
                  "from": "prr@~0.0.0",
                  "resolved": "https://registry.npmjs.org/prr/-/prr-0.0.0.tgz"
                },
                "semver": {
                  "version": "2.2.1",
                  "from": "semver@~2.2.1",
                  "resolved": "https://registry.npmjs.org/semver/-/semver-2.2.1.tgz"
                },
                "bops": {
                  "version": "0.1.1",
                  "from": "bops@~0.1.0",
                  "resolved": "https://registry.npmjs.org/bops/-/bops-0.1.1.tgz",
                  "dependencies": {
                    "base64-js": {
                      "version": "0.0.2",
                      "from": "base64-js@0.0.2",
                      "resolved": "http://r.cnpmjs.org/base64-js/download/base64-js-0.0.2.tgz"
                    },
                    "to-utf8": {
                      "version": "0.0.1",
                      "from": "to-utf8@0.0.1",
                      "resolved": "https://registry.npmjs.org/to-utf8/-/to-utf8-0.0.1.tgz"
                    }
                  }
                },
                "deferred-leveldown": {
                  "version": "0.1.0",
                  "from": "deferred-leveldown@~0.1.0",
                  "resolved": "https://registry.npmjs.org/deferred-leveldown/-/deferred-leveldown-0.1.0.tgz",
                  "dependencies": {
                    "abstract-leveldown": {
                      "version": "0.10.2",
                      "from": "abstract-leveldown@0.10.2",
                      "resolved": "http://r.cnpmjs.org/abstract-leveldown/download/abstract-leveldown-0.10.2.tgz"
                    },
                    "bops": {
                      "version": "0.0.7",
                      "from": "bops@0.0.7",
                      "resolved": "http://r.cnpmjs.org/bops/download/bops-0.0.7.tgz",
                      "dependencies": {
                        "base64-js": {
                          "version": "0.0.2",
                          "from": "base64-js@0.0.2",
                          "resolved": "http://r.cnpmjs.org/base64-js/download/base64-js-0.0.2.tgz"
                        },
                        "to-utf8": {
                          "version": "0.0.1",
                          "from": "to-utf8@0.0.1",
                          "resolved": "http://r.cnpmjs.org/to-utf8/download/to-utf8-0.0.1.tgz"
                        }
                      }
                    }
                  }
                }
              }
            }
          }
        }
      }
    },
    "level-sublevel": {
      "version": "5.2.0",
      "from": "level-sublevel@latest",
      "resolved": "https://registry.npmjs.org/level-sublevel/-/level-sublevel-5.2.0.tgz",
      "dependencies": {
        "level-hooks": {
          "version": "4.4.5",
          "from": "level-hooks@>=4.4.0 <5",
          "resolved": "https://registry.npmjs.org/level-hooks/-/level-hooks-4.4.5.tgz"
        },
        "string-range": {
          "version": "1.2.2",
          "from": "string-range@~1.2.1",
          "resolved": "https://registry.npmjs.org/string-range/-/string-range-1.2.2.tgz"
        },
        "level-fix-range": {
          "version": "2.0.0",
          "from": "level-fix-range@2.0",
          "resolved": "https://registry.npmjs.org/level-fix-range/-/level-fix-range-2.0.0.tgz",
          "dependencies": {
            "clone": {
              "version": "0.1.11",
              "from": "clone@~0.1.9",
              "resolved": "https://registry.npmjs.org/clone/-/clone-0.1.11.tgz"
            }
          }
        },
        "xtend": {
          "version": "2.0.6",
          "from": "xtend@2.0.6",
          "resolved": "http://r.cnpmjs.org/xtend/download/xtend-2.0.6.tgz",
          "dependencies": {
            "is-object": {
              "version": "0.1.2",
              "from": "is-object@~0.1.2"
            },
            "object-keys": {
              "version": "0.2.0",
              "from": "object-keys@~0.2.0",
              "dependencies": {
                "foreach": {
                  "version": "2.0.4",
                  "from": "foreach@~2.0.1"
                },
                "indexof": {
                  "version": "0.0.1",
                  "from": "indexof@~0.0.1"
                },
                "is": {
                  "version": "0.2.7",
                  "from": "is@~0.2.6"
                }
              }
            }
          }
        }
      }
    },
    "methods": {
      "version": "0.1.0",
      "from": "methods@latest"
    },
    "lodash": {
      "version": "2.4.1",
      "from": "lodash@latest"
    },
    "co": {
      "version": "3.0.4",
      "from": "co@latest",
      "resolved": "http://r.cnpmjs.org/co/download/co-3.0.4.tgz"
    },
    "co-body": {
      "version": "0.0.2",
      "from": "git://github.com/visionmedia/co-body",
      "resolved": "git://github.com/visionmedia/co-body#782127ec4280127f5adfa79833d9c294894a9102",
      "dependencies": {
        "qs": {
          "version": "0.6.6",
          "from": "qs@~0.6.6"
        },
        "raw-body": {
          "version": "1.1.2",
          "from": "raw-body@~1.1.1",
          "dependencies": {
            "bytes": {
              "version": "0.2.1",
              "from": "bytes@~0.2.1"
            }
          }
        }
      }
    },
    "lru-cache": {
      "version": "2.5.0",
      "from": "lru-cache@2.5.0",
      "resolved": "https://registry.npmjs.org/lru-cache/-/lru-cache-2.5.0.tgz"
    },
    "buffer-crc32": {
      "version": "0.2.1",
      "from": "buffer-crc32@~0.2.1"
    },
    "weixin-robot": {
      "version": "0.5.4",
      "dependencies": {
        "debug": {
          "version": "0.7.2",
          "from": "debug@~0.7.2"
        },
        "webot": {
          "version": "0.1.7",
          "dependencies": {
            "debug": {
              "version": "0.7.2",
              "from": "debug@~0.7.2"
            },
            "async": {
              "version": "0.2.9",
              "from": "async@*"
            },
            "should": {
              "version": "2.0.1",
              "from": "should@~2.0.1",
              "resolved": "http://registry.npmjs.org/should/-/should-2.0.1.tgz"
            },
            "mocha": {
              "version": "1.13.0",
              "from": "mocha@*",
              "dependencies": {
                "commander": {
                  "version": "0.6.1",
                  "from": "commander@0.6.1",
                  "resolved": "http://registry.npmjs.org/commander/-/commander-0.6.1.tgz"
                },
                "growl": {
                  "version": "1.7.0",
                  "from": "growl@1.7.x"
                },
                "jade": {
                  "version": "0.26.3",
                  "from": "jade@0.26.3",
                  "resolved": "http://registry.npmjs.org/jade/-/jade-0.26.3.tgz",
                  "dependencies": {
                    "mkdirp": {
                      "version": "0.3.0",
                      "from": "mkdirp@0.3.0",
                      "resolved": "http://registry.npmjs.org/mkdirp/-/mkdirp-0.3.0.tgz"
                    }
                  }
                },
                "diff": {
                  "version": "1.0.7",
                  "from": "diff@1.0.7"
                },
                "mkdirp": {
                  "version": "0.3.5",
                  "from": "mkdirp@0.3.5",
                  "resolved": "http://registry.npmjs.org/mkdirp/-/mkdirp-0.3.5.tgz"
                },
                "glob": {
                  "version": "3.2.3",
                  "from": "glob@3.2.3",
                  "dependencies": {
                    "minimatch": {
                      "version": "0.2.12",
                      "from": "minimatch@~0.2.11",
                      "dependencies": {
                        "lru-cache": {
                          "version": "2.3.1",
                          "from": "lru-cache@2"
                        },
                        "sigmund": {
                          "version": "1.0.0",
                          "from": "sigmund@~1.0.0"
                        }
                      }
                    },
                    "graceful-fs": {
                      "version": "2.0.1",
                      "from": "graceful-fs@~2.0.0"
                    },
                    "inherits": {
                      "version": "2.0.1",
                      "from": "inherits@2"
                    }
                  }
                }
              }
            }
          }
        },
        "ejs": {
          "version": "0.8.5",
          "from": "ejs@~0.8.4"
        },
        "should": {
          "version": "2.1.1",
          "from": "should@~2.1.1"
        },
        "connect": {
          "version": "2.7.6",
          "from": "connect@*",
          "dependencies": {
            "qs": {
              "version": "0.5.1",
              "from": "qs@0.5.1"
            },
            "formidable": {
              "version": "1.0.11",
              "from": "formidable@1.0.11"
            },
            "cookie-signature": {
              "version": "1.0.1",
              "from": "cookie-signature@1.0.1"
            },
            "buffer-crc32": {
              "version": "0.1.1",
              "from": "buffer-crc32@0.1.1"
            },
            "cookie": {
              "version": "0.0.5",
              "from": "cookie@0.0.5"
            },
            "send": {
              "version": "0.1.0",
              "from": "send@0.1.0",
              "dependencies": {
                "mime": {
                  "version": "1.2.6",
                  "from": "mime@1.2.6"
                },
                "range-parser": {
                  "version": "0.0.4",
                  "from": "range-parser@0.0.4"
                }
              }
            },
            "bytes": {
              "version": "0.2.0",
              "from": "bytes@0.2.0"
            },
            "fresh": {
              "version": "0.1.0",
              "from": "fresh@0.1.0"
            },
            "pause": {
              "version": "0.0.1",
              "from": "pause@0.0.1"
            }
          }
        },
        "mocha": {
          "version": "1.16.2",
          "from": "mocha@~1.16.2",
          "dependencies": {
            "commander": {
              "version": "2.0.0",
              "from": "commander@2.0.0",
              "resolved": "https://registry.npmjs.org/commander/-/commander-2.0.0.tgz"
            },
            "growl": {
              "version": "1.7.0",
              "from": "growl@1.7.x"
            },
            "jade": {
              "version": "0.26.3",
              "from": "jade@0.26.3",
              "dependencies": {
                "commander": {
                  "version": "0.6.1",
                  "from": "commander@0.6.1"
                },
                "mkdirp": {
                  "version": "0.3.0",
                  "from": "mkdirp@0.3.0"
                }
              }
            },
            "diff": {
              "version": "1.0.7",
              "from": "diff@1.0.7"
            },
            "mkdirp": {
              "version": "0.3.5",
              "from": "mkdirp@0.3.5"
            },
            "glob": {
              "version": "3.2.3",
              "from": "glob@3.2.3",
              "dependencies": {
                "minimatch": {
                  "version": "0.2.14",
                  "from": "minimatch@~0.2.11",
                  "dependencies": {
                    "lru-cache": {
                      "version": "2.5.0",
                      "from": "lru-cache@2"
                    },
                    "sigmund": {
                      "version": "1.0.0",
                      "from": "sigmund@~1.0.0"
                    }
                  }
                },
                "graceful-fs": {
                  "version": "2.0.1",
                  "from": "graceful-fs@~2.0.0"
                },
                "inherits": {
                  "version": "2.0.1",
                  "from": "inherits@2"
                }
              }
            }
          }
        },
        "jscover": {
          "version": "0.2.4",
          "from": "jscover@*",
          "dependencies": {
            "fs-extra": {
              "version": "0.3.1",
              "from": "fs-extra@0.3.1",
              "dependencies": {
                "rimraf": {
                  "version": "2.0.3",
                  "from": "rimraf@~2.0.2",
                  "dependencies": {
                    "graceful-fs": {
                      "version": "1.1.14",
                      "from": "graceful-fs@~1.1"
                    }
                  }
                },
                "ncp": {
                  "version": "0.2.7",
                  "from": "ncp@0.2.x"
                },
                "mkdirp": {
                  "version": "0.3.5",
                  "from": "mkdirp@0.3.x"
                },
                "jsonfile": {
                  "version": "0.0.1",
                  "from": "jsonfile@0.0.x"
                }
              }
            },
            "debug": {
              "version": "0.7.0",
              "from": "debug@0.7.0"
            },
            "ndir": {
              "version": "0.1.5",
              "from": "ndir@0.1.5"
            }
          }
        },
        "supertest": {
          "version": "0.6.0",
          "from": "supertest@*",
          "dependencies": {
            "superagent": {
              "version": "0.10.0",
              "from": "superagent@0.10.0",
              "dependencies": {
                "qs": {
                  "version": "0.5.2",
                  "from": "qs@0.5.2"
                },
                "formidable": {
                  "version": "1.0.9",
                  "from": "formidable@1.0.9"
                },
                "mime": {
                  "version": "1.2.5",
                  "from": "mime@1.2.5"
                },
                "emitter-component": {
                  "version": "0.0.6",
                  "from": "emitter-component@0.0.6"
                },
                "cookiejar": {
                  "version": "1.3.0",
                  "from": "cookiejar@1.3.0"
                },
                "better-assert": {
                  "version": "0.1.0",
                  "from": "better-assert@~0.1.0",
                  "dependencies": {
                    "callsite": {
                      "version": "1.0.0",
                      "from": "callsite@*"
                    }
                  }
                }
              }
            },
            "methods": {
              "version": "0.0.1",
              "from": "methods@0.0.1"
            }
          }
        }
      }
    },
    "batcher": {
      "version": "0.0.2",
      "from": "batcher@",
      "resolved": "https://registry.npmjs.org/batcher/-/batcher-0.0.2.tgz",
      "dependencies": {
        "twoqueue": {
          "version": "0.0.3",
          "from": "twoqueue@>0.0.1",
          "resolved": "https://registry.npmjs.org/twoqueue/-/twoqueue-0.0.3.tgz"
        }
      }
    }
  }
}
