{
  "name": "curio-api",
  "version": "0.0.0",
  "dependencies": {
    "koa": {
      "version": "0.4.0",
      "from": "git://github.com/koajs/koa",
      "resolved": "git://github.com/koajs/koa#eaba2040d1d2700bd99b2fc09ff962dce127795a",
      "dependencies": {
        "accepts": {
          "version": "1.0.1",
          "from": "accepts@~1.0.0",
          "dependencies": {
            "negotiator": {
              "version": "0.4.1",
              "from": "negotiator@~0.4.0"
            }
          }
        },
        "type-is": {
          "version": "1.0.0",
          "from": "type-is@~1.0.0"
        },
        "finished": {
          "version": "1.1.1",
          "from": "finished@~1.1.1"
        },
        "mime": {
          "version": "1.2.11",
          "from": "mime@~1.2.11"
        },
        "fresh": {
          "version": "0.2.2",
          "from": "fresh@~0.2.1"
        },
        "koa-compose": {
          "version": "2.2.0",
          "from": "koa-compose@~2.2.0"
        },
        "cookies": {
          "version": "0.4.0",
          "from": "cookies@~0.4.0",
          "dependencies": {
            "keygrip": {
              "version": "1.0.0",
              "from": "keygrip@~1.0.0"
            }
          }
        },
        "delegates": {
          "version": "0.0.3",
          "from": "delegates@0.0.3"
        }
      }
    },
    "koa-trie-router": {
      "version": "1.0.5",
      "from": "git://github.com/koajs/trie-router",
      "resolved": "git://github.com/koajs/trie-router#5289863948a3a242a79c46cecadd867a171b5fc8",
      "dependencies": {
        "routington": {
          "version": "0.1.2",
          "from": "routington@~0.1.1"
        },
        "koa-compose": {
          "version": "2.2.0",
          "from": "koa-compose@~2.2.0"
        }
      }
    },
    "koa-logger": {
      "version": "1.2.0",
      "from": "git://github.com/koajs/logger",
      "resolved": "git://github.com/koajs/logger#4ded8d26f47466267f620b50e5b9e986f8c67c6d",
      "dependencies": {
        "passthrough-counter": {
          "version": "0.0.1",
          "from": "passthrough-counter@~0.0.1"
        },
        "humanize-number": {
          "version": "0.0.2",
          "from": "humanize-number@~0.0.1"
        },
        "bytes": {
          "version": "0.2.1",
          "from": "bytes@~0.2.1"
        }
      }
    },
    "koa-etag": {
      "version": "1.2.2",
      "from": "git://github.com/koajs/etag",
      "resolved": "git://github.com/koajs/etag#f37d705a3b236b230e50bd66da232a6b71f23854"
    },
    "koa-cors": {
      "version": "0.0.5",
      "from": "git://github.com/evert0n/koa-cors",
      "resolved": "git://github.com/evert0n/koa-cors#81de15d09960bc5b6fb4ca3c2e69f26628e7042e"
    },
    "koa-csrf": {
      "version": "1.0.1",
      "from": "git://github.com/koajs/csrf",
      "resolved": "git://github.com/koajs/csrf#0667e9205df90a192e58b3106665f824dac162b2"
    },
    "koa-sess": {
      "version": "0.0.8",
      "from": "git://github.com/dead-horse/koa-session",
      "resolved": "git://github.com/dead-horse/koa-session#d33c02eb63870b2b467ba72c69bac210bfb6fad0",
      "dependencies": {
        "uid2": {
          "version": "0.0.3",
          "from": "uid2@0.0.3",
          "resolved": "https://registry.npmjs.org/uid2/-/uid2-0.0.3.tgz"
        }
      }
    },
    "koa-redis": {
      "version": "0.0.4",
      "from": "git://github.com/ktmud/koa-redis",
      "resolved": "git://github.com/ktmud/koa-redis#f76b7c5c892960d007ea6d4df9d2365f984431e9",
      "dependencies": {
        "co-redis": {
          "version": "0.0.2",
          "from": "co-redis@0.0.2"
        },
        "redis": {
          "version": "0.10.0",
          "from": "redis@0.10.0"
        }
      }
    },
    "koa-mount": {
      "version": "1.2.3",
      "from": "git://github.com/koajs/mount",
      "resolved": "git://github.com/koajs/mount#7eb97c5f7659905cdc28affa5d08942fbd5e9daf",
      "dependencies": {
        "koa-compose": {
          "version": "2.1.0",
          "from": "koa-compose@2.1.0",
          "dependencies": {
            "debug": {
              "version": "0.7.4",
              "from": "debug@*"
            }
          }
        }
      }
    },
    "koa-wechat": {
      "version": "0.1.0",
      "from": "git://github.com/ktmud/koa-wechat",
      "resolved": "git://github.com/ktmud/koa-wechat#39baf40c5b5609392eb2b3dc3eba6eaebad2b1e1",
      "dependencies": {
        "wechat-mp": {
          "version": "0.1.4",
          "from": "wechat-mp@0.1.4",
          "dependencies": {
            "node-xml-lite": {
              "version": "0.0.3",
              "from": "node-xml-lite@~0.0.3",
              "dependencies": {
                "iconv-lite": {
                  "version": "0.2.11",
                  "from": "iconv-lite@>=0.2.0"
                }
              }
            },
            "lodash-template": {
              "version": "1.0.0",
              "from": "lodash-template@~1.0"
            }
          }
        }
      }
    },
    "cacheable": {
      "version": "1.0.0",
      "from": "git://github.com/ktmud/cacheable",
      "resolved": "git://github.com/ktmud/cacheable#613b61595e55318a7eaa62243c678ea81d7a6274"
    },
    "redis": {
      "version": "0.10.1",
      "from": "redis@latest"
    },
    "thunkify": {
      "version": "0.0.1",
      "from": "thunkify@latest"
    },
    "passport": {
      "version": "0.2.0",
      "from": "passport@git://github.com/jaredhanson/passport#298d2452430dd0d1841d417e9c0d0b23e4b06239",
      "resolved": "git://github.com/jaredhanson/passport#298d2452430dd0d1841d417e9c0d0b23e4b06239",
      "dependencies": {
        "passport-strategy": {
          "version": "1.0.0",
          "from": "passport-strategy@1.0.0",
          "resolved": "https://registry.npmjs.org/passport-strategy/-/passport-strategy-1.0.0.tgz"
        },
        "pause": {
          "version": "0.0.1",
          "from": "pause@0.0.1"
        }
      }
    },
    "koa-passport-fw": {
      "version": "0.0.2",
      "from": "koa-passport-fw@git://github.com/ktmud/koa-passport-fw#a6cb94b6ead1c511c1fc43aec9cfe49b1b2274c3",
      "resolved": "git://github.com/ktmud/koa-passport-fw#a6cb94b6ead1c511c1fc43aec9cfe49b1b2274c3"
    },
    "jugglingdb": {
      "version": "0.2.12",
      "from": "git://github.com/1602/jugglingdb",
      "resolved": "git://github.com/1602/jugglingdb#2a345d23a758bde3b0565434fe0febb5b7eac89a",
      "dependencies": {
        "inflection": {
          "version": "1.2.7",
          "from": "inflection@1.2.7"
        }
      }
    },
    "jugglingdb-postgres": {
      "version": "0.0.4",
      "from": "jugglingdb-postgres@latest"
    },
    "pg": {
      "version": "2.11.1",
      "from": "pg@latest",
      "dependencies": {
        "generic-pool": {
          "version": "2.0.3",
          "from": "generic-pool@2.0.3"
        },
        "buffer-writer": {
          "version": "1.0.0",
          "from": "buffer-writer@1.0.0",
          "resolved": "https://registry.npmjs.org/buffer-writer/-/buffer-writer-1.0.0.tgz"
        },
        "pgpass": {
          "version": "0.0.1",
          "from": "pgpass@0.0.1",
          "resolved": "https://registry.npmjs.org/pgpass/-/pgpass-0.0.1.tgz",
          "dependencies": {
            "split": {
              "version": "0.2.10",
              "from": "split@0.2.10",
              "dependencies": {
                "through": {
                  "version": "2.3.4",
                  "from": "through@2"
                }
              }
            }
          }
        },
        "nan": {
          "version": "0.6.0",
          "from": "nan@0.6.0"
        }
      }
    },
    "level": {
      "version": "0.18.0",
      "from": "level@latest",
      "dependencies": {
        "leveldown": {
          "version": "0.10.2",
          "from": "leveldown@~0.10.0",
          "dependencies": {
            "bindings": {
              "version": "1.1.1",
              "from": "bindings@~1.1.1"
            },
            "nan": {
              "version": "0.6.0",
              "from": "nan@0.6.0"
            }
          }
        },
        "level-packager": {
          "version": "0.18.0",
          "from": "level-packager@~0.18.0",
          "dependencies": {
            "levelup": {
              "version": "0.18.2",
              "from": "levelup@~0.18.0",
              "dependencies": {
                "errno": {
                  "version": "0.1.0",
                  "from": "errno@~0.1.0"
                },
                "concat-stream": {
                  "version": "0.1.1",
                  "from": "concat-stream@0.1.1"
                },
                "readable-stream": {
                  "version": "1.0.26",
                  "from": "readable-stream@~1.0.17",
                  "resolved": "https://registry.npmjs.org/readable-stream/-/readable-stream-1.0.26.tgz",
                  "dependencies": {
                    "string_decoder": {
                      "version": "0.10.25-1",
                      "from": "string_decoder@~0.10.x"
                    }
                  }
                },
                "xtend": {
                  "version": "2.1.2",
                  "from": "xtend@~2.1.1",
                  "dependencies": {
                    "object-keys": {
                      "version": "0.4.0",
                      "from": "object-keys@0.4.0"
                    }
                  }
                },
                "prr": {
                  "version": "0.0.0",
                  "from": "prr@~0.0.0"
                },
                "semver": {
                  "version": "2.2.1",
                  "from": "semver@~2.2.1"
                },
                "bops": {
                  "version": "0.1.1",
                  "from": "bops@~0.1.0",
                  "dependencies": {
                    "base64-js": {
                      "version": "0.0.2",
                      "from": "base64-js@0.0.2"
                    },
                    "to-utf8": {
                      "version": "0.0.1",
                      "from": "to-utf8@0.0.1",
                      "resolved": "https://registry.npmjs.org/to-utf8/-/to-utf8-0.0.1.tgz"
                    }
                  }
                },
                "deferred-leveldown": {
                  "version": "0.1.0",
                  "from": "deferred-leveldown@~0.1.0",
                  "dependencies": {
                    "abstract-leveldown": {
                      "version": "0.10.2",
                      "from": "abstract-leveldown@0.10.2"
                    },
                    "bops": {
                      "version": "0.0.7",
                      "from": "bops@0.0.7",
                      "dependencies": {
                        "base64-js": {
                          "version": "0.0.2",
                          "from": "base64-js@0.0.2"
                        },
                        "to-utf8": {
                          "version": "0.0.1",
                          "from": "to-utf8@0.0.1"
                        }
                      }
                    }
                  }
                }
              }
            }
          }
        }
      }
    },
    "level-sublevel": {
      "version": "5.2.0",
      "from": "level-sublevel@latest",
      "dependencies": {
        "level-hooks": {
          "version": "4.4.5",
          "from": "level-hooks@>=4.4.0 <5"
        },
        "string-range": {
          "version": "1.2.2",
          "from": "string-range@~1.2.1"
        },
        "level-fix-range": {
          "version": "2.0.0",
          "from": "level-fix-range@2.0",
          "dependencies": {
            "clone": {
              "version": "0.1.11",
              "from": "clone@~0.1.9"
            }
          }
        },
        "xtend": {
          "version": "2.0.6",
          "from": "xtend@2.0.6",
          "dependencies": {
            "is-object": {
              "version": "0.1.2",
              "from": "is-object@~0.1.2"
            },
            "object-keys": {
              "version": "0.2.0",
              "from": "object-keys@~0.2.0",
              "dependencies": {
                "foreach": {
                  "version": "2.0.4",
                  "from": "foreach@~2.0.1"
                },
                "indexof": {
                  "version": "0.0.1",
                  "from": "indexof@~0.0.1"
                },
                "is": {
                  "version": "0.2.7",
                  "from": "is@~0.2.6"
                }
              }
            }
          }
        }
      }
    },
    "methods": {
      "version": "0.1.0",
      "from": "methods@latest"
    },
    "lodash": {
      "version": "2.4.1",
      "from": "lodash@latest"
    },
    "co": {
      "version": "3.0.4",
      "from": "co@latest"
    },
    "lru-cache": {
      "version": "2.5.0",
      "from": "lru-cache@latest"
    },
    "co-body": {
      "version": "0.0.2",
      "from": "git://github.com/visionmedia/co-body",
      "resolved": "git://github.com/visionmedia/co-body#782127ec4280127f5adfa79833d9c294894a9102",
      "dependencies": {
        "qs": {
          "version": "0.6.6",
          "from": "qs@~0.6.6"
        },
        "raw-body": {
          "version": "1.1.2",
          "from": "raw-body@~1.1.1",
          "dependencies": {
            "bytes": {
              "version": "0.2.1",
              "from": "bytes@~0.2.1"
            }
          }
        }
      }
    },
    "weixin-robot": {
      "version": "0.5.3",
      "from": "git://github.com/node-webot/weixin-robot",
      "resolved": "git://github.com/node-webot/weixin-robot#5960f7adb33385e1a3007272c0e053c876d77fd4",
      "dependencies": {
        "webot": {
          "version": "0.1.6",
          "from": "webot@0.1.6"
        },
        "wechat-mp": {
          "version": "0.1.4",
          "from": "wechat-mp@~0.1.4",
          "dependencies": {
            "node-xml-lite": {
              "version": "0.0.3",
              "from": "node-xml-lite@~0.0.3",
              "dependencies": {
                "iconv-lite": {
                  "version": "0.2.11",
                  "from": "iconv-lite@>=0.2.0"
                }
              }
            },
            "lodash-template": {
              "version": "1.0.0",
              "from": "lodash-template@~1.0"
            }
          }
        }
      }
    },
    "debug": {
      "version": "0.7.4",
      "from": "debug@~0.7.4"
    },
    "bcryptjs": {
      "version": "0.7.12",
      "from": "bcryptjs@~0.7.10"
    },
    "buffer-crc32": {
      "version": "0.2.1",
      "from": "buffer-crc32@~0.2.1"
    },
    "batcher": {
      "version": "0.0.2",
      "from": "batcher@0.0.2",
      "dependencies": {
        "twoqueue": {
          "version": "0.0.3",
          "from": "twoqueue@>0.0.1"
        }
      }
    },
    "colors": {
      "version": "0.6.2",
      "from": "colors@latest"
    },
    "co-prompt": {
      "version": "1.0.0",
      "from": "co-prompt@latest",
      "dependencies": {
        "keypress": {
          "version": "0.2.1",
          "from": "keypress@~0.2.1"
        }
      }
    },
    "nomnom": {
      "version": "1.6.2",
      "from": "nomnom@latest",
      "dependencies": {
        "colors": {
          "version": "0.5.1",
          "from": "colors@0.5.1"
        },
        "underscore": {
          "version": "1.4.4",
          "from": "underscore@1.4.4"
        }
      }
    }
  }
}
